{
  "name": "parse-jyutping-table-full",
  "version": "0.0.0",
  "lockfileVersion": 1,
  "requires": true,
  "dependencies": {
    "hkscs_unicode_converter": {
      "version": "0.1.4",
      "resolved": "https://registry.npmjs.org/hkscs_unicode_converter/-/hkscs_unicode_converter-0.1.4.tgz",
      "integrity": "sha512-uUDRDNG4Mhivp5ulk5iVRRTRaMshG5dGMv0gpdBgInzV9/UO0fzOIDrwDtwd1DS/G6cPTQ80zfH3sReTLZxFsg==",
      "requires": {
        "is-hexadecimal": "^1"
      }
    },
    "is-hexadecimal": {
      "version": "1.0.4",
      "resolved": "https://registry.npmjs.org/is-hexadecimal/-/is-hexadecimal-1.0.4.tgz",
      "integrity": "sha512-gyPJuv83bHMpocVYoqof5VDiZveEoGoFL8m3BXNb2VW8Xs+rz9kqO8LOQ5DH6EsuvilT1ApazU0pyl+ytbPtlw=="
    },
    "pdf2json": {
      "version": "1.2.0",
      "resolved": "https://registry.npmjs.org/pdf2json/-/pdf2json-1.2.0.tgz",
      "integrity": "sha512-Z/m+OFOe13Nn2SHQNSINZ6Mh2b8t2bK3whL3L6b5Av1wqDvotYvpMg1Zi8aEPV37jF0jG0yQ83c8XuuNbIsn6Q==",
      "requires": {
        "async": "^3.2.0",
        "lodash": "^4.17.13",
        "optimist": "^0.6.1",
        "xmldom": "^0.3.0"
      },
      "dependencies": {
        "async": {
          "version": "3.2.0",
          "resolved": "https://artifact.devsnc.com/content/groups/npm-all/async/-/async-3.2.0.tgz",
          "integrity": "sha512-TR2mEZFVOj2pLStYxLht7TyfuRzaydfpxr3k9RpHIzMgw7A64dzsdqCxH1WJyQdoe8T10nDXd9wnEigmiuHIZw=="
        },
        "lodash": {
          "version": "4.17.15",
          "resolved": "https://artifact.devsnc.com/content/groups/npm-all/lodash/-/lodash-4.17.15.tgz",
          "integrity": "sha512-8xOcRHvCjnocdS5cpwXQXVzmmh5e5+saE2QGoeQmbKmRS6J3VQppPOIt0MnmE+4xlZoumy0GPG0D0MVIQbNA1A=="
        },
        "minimist": {
          "version": "0.0.10",
          "resolved": "https://artifact.devsnc.com/content/groups/npm-all/minimist/-/minimist-0.0.10.tgz",
          "integrity": "sha1-3j+YVD2/lggr5IrRoMfNqDYwHc8="
        },
        "optimist": {
          "version": "0.6.1",
          "resolved": "https://artifact.devsnc.com/content/groups/npm-all/optimist/-/optimist-0.6.1.tgz",
          "integrity": "sha1-2j6nRob6IaGaERwybpDrFaAZZoY=",
          "requires": {
            "minimist": "~0.0.1",
            "wordwrap": "~0.0.2"
          }
        },
        "wordwrap": {
          "version": "0.0.3",
          "resolved": "https://artifact.devsnc.com/content/groups/npm-all/wordwrap/-/wordwrap-0.0.3.tgz",
          "integrity": "sha1-o9XabNXAvAAI03I0u68b7WMFkQc="
        },
        "xmldom": {
          "version": "0.3.0",
          "resolved": "https://artifact.devsnc.com/content/groups/npm-all/xmldom/-/xmldom-0.3.0.tgz",
          "integrity": "sha512-z9s6k3wxE+aZHgXYxSTpGDo7BYOUfJsIRyoZiX6HTjwpwfS2wpQBQKa2fD+ShLyPkqDYo5ud7KitmLZ2Cd6r0g=="
        }
      }
    }
  }
}
